
Microsoft Visual Studio Solution File, Format Version 12.00
# Visual Studio Version 17
VisualStudioVersion = 17.14.36310.24
MinimumVisualStudioVersion = 10.0.40219.1
Project("{FAE04EC0-301F-11D3-BF4B-00C04F79EFBC}") = "WindowsFormsApp1", "WindowsFormsApp1.csproj", "{6308A14A-E5BA-432C-8B8A-EBA6AD7BCA37}"
EndProject
Project("{930C7802-8A8C-48F9-8165-68863BCCD9DD}") = "WixExample", "..\EixExample\WixExample.wixproj", "{48EBF890-E71B-4D21-8AD9-232B53D7B21E}"
EndProject
Project("{C7167F0D-BC9F-4E6E-AFE1-012C56B48DB5}") = "WapProjTemplate1", "..\WapProjTemplate1\WapProjTemplate1.wapproj", "{AD70D2DB-7210-4F60-9EE6-646DEBC26395}"
EndProject
Project("{FAE04EC0-301F-11D3-BF4B-00C04F79EFBC}") = "Business", "..\HelloWorld.Business\Business.csproj", "{18C372A4-BB14-4889-94AA-AD6BF964D3F9}"
EndProject
Global
	GlobalSection(SolutionConfigurationPlatforms) = preSolution
		Debug|Any CPU = Debug|Any CPU
		Debug|ARM = Debug|ARM
		Debug|ARM64 = Debug|ARM64
		Debug|x64 = Debug|x64
		Debug|x86 = Debug|x86
		Release|Any CPU = Release|Any CPU
		Release|ARM = Release|ARM
		Release|ARM64 = Release|ARM64
		Release|x64 = Release|x64
		Release|x86 = Release|x86
	EndGlobalSection
	GlobalSection(ProjectConfigurationPlatforms) = postSolution
		{6308A14A-E5BA-432C-8B8A-EBA6AD7BCA37}.Debug|Any CPU.ActiveCfg = Debug|Any CPU
		{6308A14A-E5BA-432C-8B8A-EBA6AD7BCA37}.Debug|Any CPU.Build.0 = Debug|Any CPU
		{6308A14A-E5BA-432C-8B8A-EBA6AD7BCA37}.Debug|ARM.ActiveCfg = Debug|Any CPU
		{6308A14A-E5BA-432C-8B8A-EBA6AD7BCA37}.Debug|ARM.Build.0 = Debug|Any CPU
		{6308A14A-E5BA-432C-8B8A-EBA6AD7BCA37}.Debug|ARM64.ActiveCfg = Debug|Any CPU
		{6308A14A-E5BA-432C-8B8A-EBA6AD7BCA37}.Debug|ARM64.Build.0 = Debug|Any CPU
		{6308A14A-E5BA-432C-8B8A-EBA6AD7BCA37}.Debug|x64.ActiveCfg = Debug|x64
		{6308A14A-E5BA-432C-8B8A-EBA6AD7BCA37}.Debug|x64.Build.0 = Debug|x64
		{6308A14A-E5BA-432C-8B8A-EBA6AD7BCA37}.Debug|x86.ActiveCfg = Debug|Any CPU
		{6308A14A-E5BA-432C-8B8A-EBA6AD7BCA37}.Debug|x86.Build.0 = Debug|Any CPU
		{6308A14A-E5BA-432C-8B8A-EBA6AD7BCA37}.Release|Any CPU.ActiveCfg = Release|Any CPU
		{6308A14A-E5BA-432C-8B8A-EBA6AD7BCA37}.Release|Any CPU.Build.0 = Release|Any CPU
		{6308A14A-E5BA-432C-8B8A-EBA6AD7BCA37}.Release|ARM.ActiveCfg = Release|Any CPU
		{6308A14A-E5BA-432C-8B8A-EBA6AD7BCA37}.Release|ARM.Build.0 = Release|Any CPU
		{6308A14A-E5BA-432C-8B8A-EBA6AD7BCA37}.Release|ARM64.ActiveCfg = Release|Any CPU
		{6308A14A-E5BA-432C-8B8A-EBA6AD7BCA37}.Release|ARM64.Build.0 = Release|Any CPU
		{6308A14A-E5BA-432C-8B8A-EBA6AD7BCA37}.Release|x64.ActiveCfg = Release|x64
		{6308A14A-E5BA-432C-8B8A-EBA6AD7BCA37}.Release|x64.Build.0 = Release|x64
		{6308A14A-E5BA-432C-8B8A-EBA6AD7BCA37}.Release|x86.ActiveCfg = Release|Any CPU
		{6308A14A-E5BA-432C-8B8A-EBA6AD7BCA37}.Release|x86.Build.0 = Release|Any CPU
		{48EBF890-E71B-4D21-8AD9-232B53D7B21E}.Debug|Any CPU.ActiveCfg = Debug|x86
		{48EBF890-E71B-4D21-8AD9-232B53D7B21E}.Debug|Any CPU.Build.0 = Debug|x86
		{48EBF890-E71B-4D21-8AD9-232B53D7B21E}.Debug|ARM.ActiveCfg = Debug|x86
		{48EBF890-E71B-4D21-8AD9-232B53D7B21E}.Debug|ARM.Build.0 = Debug|x86
		{48EBF890-E71B-4D21-8AD9-232B53D7B21E}.Debug|ARM64.ActiveCfg = Debug|x86
		{48EBF890-E71B-4D21-8AD9-232B53D7B21E}.Debug|ARM64.Build.0 = Debug|x86
		{48EBF890-E71B-4D21-8AD9-232B53D7B21E}.Debug|x64.ActiveCfg = Debug|x86
		{48EBF890-E71B-4D21-8AD9-232B53D7B21E}.Debug|x64.Build.0 = Debug|x86
		{48EBF890-E71B-4D21-8AD9-232B53D7B21E}.Debug|x86.ActiveCfg = Debug|x86
		{48EBF890-E71B-4D21-8AD9-232B53D7B21E}.Debug|x86.Build.0 = Debug|x86
		{48EBF890-E71B-4D21-8AD9-232B53D7B21E}.Release|Any CPU.ActiveCfg = Release|x86
		{48EBF890-E71B-4D21-8AD9-232B53D7B21E}.Release|Any CPU.Build.0 = Release|x86
		{48EBF890-E71B-4D21-8AD9-232B53D7B21E}.Release|ARM.ActiveCfg = Release|x86
		{48EBF890-E71B-4D21-8AD9-232B53D7B21E}.Release|ARM.Build.0 = Release|x86
		{48EBF890-E71B-4D21-8AD9-232B53D7B21E}.Release|ARM64.ActiveCfg = Release|x86
		{48EBF890-E71B-4D21-8AD9-232B53D7B21E}.Release|ARM64.Build.0 = Release|x86
		{48EBF890-E71B-4D21-8AD9-232B53D7B21E}.Release|x64.ActiveCfg = Release|x86
		{48EBF890-E71B-4D21-8AD9-232B53D7B21E}.Release|x64.Build.0 = Release|x86
		{48EBF890-E71B-4D21-8AD9-232B53D7B21E}.Release|x86.ActiveCfg = Release|x86
		{48EBF890-E71B-4D21-8AD9-232B53D7B21E}.Release|x86.Build.0 = Release|x86
		{AD70D2DB-7210-4F60-9EE6-646DEBC26395}.Debug|Any CPU.ActiveCfg = Debug|Any CPU
		{AD70D2DB-7210-4F60-9EE6-646DEBC26395}.Debug|Any CPU.Build.0 = Debug|Any CPU
		{AD70D2DB-7210-4F60-9EE6-646DEBC26395}.Debug|Any CPU.Deploy.0 = Debug|Any CPU
		{AD70D2DB-7210-4F60-9EE6-646DEBC26395}.Debug|ARM.ActiveCfg = Debug|ARM
		{AD70D2DB-7210-4F60-9EE6-646DEBC26395}.Debug|ARM.Build.0 = Debug|ARM
		{AD70D2DB-7210-4F60-9EE6-646DEBC26395}.Debug|ARM.Deploy.0 = Debug|ARM
		{AD70D2DB-7210-4F60-9EE6-646DEBC26395}.Debug|ARM64.ActiveCfg = Debug|ARM64
		{AD70D2DB-7210-4F60-9EE6-646DEBC26395}.Debug|ARM64.Build.0 = Debug|ARM64
		{AD70D2DB-7210-4F60-9EE6-646DEBC26395}.Debug|ARM64.Deploy.0 = Debug|ARM64
		{AD70D2DB-7210-4F60-9EE6-646DEBC26395}.Debug|x64.ActiveCfg = Debug|x64
		{AD70D2DB-7210-4F60-9EE6-646DEBC26395}.Debug|x64.Build.0 = Debug|x64
		{AD70D2DB-7210-4F60-9EE6-646DEBC26395}.Debug|x64.Deploy.0 = Debug|x64
		{AD70D2DB-7210-4F60-9EE6-646DEBC26395}.Debug|x86.ActiveCfg = Debug|x86
		{AD70D2DB-7210-4F60-9EE6-646DEBC26395}.Debug|x86.Build.0 = Debug|x86
		{AD70D2DB-7210-4F60-9EE6-646DEBC26395}.Debug|x86.Deploy.0 = Debug|x86
		{AD70D2DB-7210-4F60-9EE6-646DEBC26395}.Release|Any CPU.ActiveCfg = Release|Any CPU
		{AD70D2DB-7210-4F60-9EE6-646DEBC26395}.Release|Any CPU.Build.0 = Release|Any CPU
		{AD70D2DB-7210-4F60-9EE6-646DEBC26395}.Release|Any CPU.Deploy.0 = Release|Any CPU
		{AD70D2DB-7210-4F60-9EE6-646DEBC26395}.Release|ARM.ActiveCfg = Release|ARM
		{AD70D2DB-7210-4F60-9EE6-646DEBC26395}.Release|ARM.Build.0 = Release|ARM
		{AD70D2DB-7210-4F60-9EE6-646DEBC26395}.Release|ARM.Deploy.0 = Release|ARM
		{AD70D2DB-7210-4F60-9EE6-646DEBC26395}.Release|ARM64.ActiveCfg = Release|ARM64
		{AD70D2DB-7210-4F60-9EE6-646DEBC26395}.Release|ARM64.Build.0 = Release|ARM64
		{AD70D2DB-7210-4F60-9EE6-646DEBC26395}.Release|ARM64.Deploy.0 = Release|ARM64
		{AD70D2DB-7210-4F60-9EE6-646DEBC26395}.Release|x64.ActiveCfg = Release|x64
		{AD70D2DB-7210-4F60-9EE6-646DEBC26395}.Release|x64.Build.0 = Release|x64
		{AD70D2DB-7210-4F60-9EE6-646DEBC26395}.Release|x64.Deploy.0 = Release|x64
		{AD70D2DB-7210-4F60-9EE6-646DEBC26395}.Release|x86.ActiveCfg = Release|x86
		{AD70D2DB-7210-4F60-9EE6-646DEBC26395}.Release|x86.Build.0 = Release|x86
		{AD70D2DB-7210-4F60-9EE6-646DEBC26395}.Release|x86.Deploy.0 = Release|x86
		{18C372A4-BB14-4889-94AA-AD6BF964D3F9}.Debug|Any CPU.ActiveCfg = Debug|Any CPU
		{18C372A4-BB14-4889-94AA-AD6BF964D3F9}.Debug|Any CPU.Build.0 = Debug|Any CPU
		{18C372A4-BB14-4889-94AA-AD6BF964D3F9}.Debug|ARM.ActiveCfg = Debug|Any CPU
		{18C372A4-BB14-4889-94AA-AD6BF964D3F9}.Debug|ARM.Build.0 = Debug|Any CPU
		{18C372A4-BB14-4889-94AA-AD6BF964D3F9}.Debug|ARM64.ActiveCfg = Debug|Any CPU
		{18C372A4-BB14-4889-94AA-AD6BF964D3F9}.Debug|ARM64.Build.0 = Debug|Any CPU
		{18C372A4-BB14-4889-94AA-AD6BF964D3F9}.Debug|x64.ActiveCfg = Debug|Any CPU
		{18C372A4-BB14-4889-94AA-AD6BF964D3F9}.Debug|x64.Build.0 = Debug|Any CPU
		{18C372A4-BB14-4889-94AA-AD6BF964D3F9}.Debug|x86.ActiveCfg = Debug|Any CPU
		{18C372A4-BB14-4889-94AA-AD6BF964D3F9}.Debug|x86.Build.0 = Debug|Any CPU
		{18C372A4-BB14-4889-94AA-AD6BF964D3F9}.Release|Any CPU.ActiveCfg = Release|Any CPU
		{18C372A4-BB14-4889-94AA-AD6BF964D3F9}.Release|Any CPU.Build.0 = Release|Any CPU
		{18C372A4-BB14-4889-94AA-AD6BF964D3F9}.Release|ARM.ActiveCfg = Release|Any CPU
		{18C372A4-BB14-4889-94AA-AD6BF964D3F9}.Release|ARM.Build.0 = Release|Any CPU
		{18C372A4-BB14-4889-94AA-AD6BF964D3F9}.Release|ARM64.ActiveCfg = Release|Any CPU
		{18C372A4-BB14-4889-94AA-AD6BF964D3F9}.Release|ARM64.Build.0 = Release|Any CPU
		{18C372A4-BB14-4889-94AA-AD6BF964D3F9}.Release|x64.ActiveCfg = Release|x64
		{18C372A4-BB14-4889-94AA-AD6BF964D3F9}.Release|x64.Build.0 = Release|x64
		{18C372A4-BB14-4889-94AA-AD6BF964D3F9}.Release|x86.ActiveCfg = Release|Any CPU
		{18C372A4-BB14-4889-94AA-AD6BF964D3F9}.Release|x86.Build.0 = Release|Any CPU
	EndGlobalSection
	GlobalSection(SolutionProperties) = preSolution
		HideSolutionNode = FALSE
	EndGlobalSection
	GlobalSection(ExtensibilityGlobals) = postSolution
		SolutionGuid = {CDB544AE-6FDE-456E-9741-C8856F62974B}
	EndGlobalSection
EndGlobal
